<Project xmlns="http://schemas.microsoft.com/developer/msbuild/2003">
    <PropertyGroup>
        <Base>True</Base>
        <AppType>Package</AppType>
        <Basis>True</Basis>
        <Config Condition="'$(Config)'==''">Release</Config>
        <DCC_DCCCompiler>DCC32</DCC_DCCCompiler>
        <FrameworkType>VCL</FrameworkType>
        <MainSource>PngComponentsDesign.dpk</MainSource>
        <Platform Condition="'$(Platform)'==''">Win32</Platform>
        <ProjectGuid>{B3C4180B-520B-41C8-8853-0351F059AA78}</ProjectGuid>
        <ProjectVersion>18.4</ProjectVersion>
        <TargetedPlatforms>1</TargetedPlatforms>
    </PropertyGroup>
    <PropertyGroup Condition="'$(Config)'=='Base' or '$(Base)'!=''">
        <Base>true</Base>
    </PropertyGroup>
    <PropertyGroup Condition="('$(Platform)'=='Win32' and '$(Base)'=='true') or '$(Base_Win32)'!=''">
        <Base_Win32>true</Base_Win32>
        <CfgParent>Base</CfgParent>
        <Base>true</Base>
    </PropertyGroup>
    <PropertyGroup Condition="'$(Config)'=='Release' or '$(Cfg_1)'!=''">
        <Cfg_1>true</Cfg_1>
        <CfgParent>Base</CfgParent>
        <Base>true</Base>
    </PropertyGroup>
    <PropertyGroup Condition="'$(Config)'=='Debug' or '$(Cfg_2)'!=''">
        <Cfg_2>true</Cfg_2>
        <CfgParent>Base</CfgParent>
        <Base>true</Base>
    </PropertyGroup>
    <PropertyGroup Condition="'$(Base)'!=''">
        <SanitizedProjectName>PngComponentsDesign</SanitizedProjectName>
        <DCC_DcuOutput>.\$(Platform)\$(Config)</DCC_DcuOutput>
        <DCC_DebugInformation>0</DCC_DebugInformation>
        <DCC_Description>Png Components Designtime</DCC_Description>
        <DCC_ImageBase>00400000</DCC_ImageBase>
        <DCC_LocalDebugSymbols>false</DCC_LocalDebugSymbols>
        <DCC_Namespace>System;Xml;Data;Datasnap;Web;Soap;Winapi;Vcl;Vcl.Imaging;Vcl.Touch;Vcl.Samples;Vcl.Shell;$(DCC_Namespace)</DCC_Namespace>
        <DCC_Platform>x86</DCC_Platform>
        <DCC_SymbolReferenceInfo>0</DCC_SymbolReferenceInfo>
        <DesignOnlyPackage>true</DesignOnlyPackage>
        <DllSuffix>250</DllSuffix>
        <GenDll>true</GenDll>
        <GenPackage>true</GenPackage>
        <VerInfo_Build>0</VerInfo_Build>
        <VerInfo_IncludeVerInfo>true</VerInfo_IncludeVerInfo>
        <VerInfo_Keys>CompanyName=;FileDescription=Png Components Design Time;FileVersion=1.5.0.0;InternalName=PngComponentsDesign;LegalCopyright=;LegalTrademarks=;OriginalFilename=PngComponentsDesign;ProductName=Png Components;ProductVersion=1.3;Comments=</VerInfo_Keys>
        <VerInfo_Locale>1031</VerInfo_Locale>
        <VerInfo_MajorVer>1</VerInfo_MajorVer>
        <VerInfo_MinorVer>5</VerInfo_MinorVer>
        <VerInfo_Release>0</VerInfo_Release>
    </PropertyGroup>
    <PropertyGroup Condition="'$(Base_Win32)'!=''">
        <DCC_Namespace>System.Win;Data.Win;Datasnap.Win;Web.Win;Soap.Win;Xml.Win;Bde;$(DCC_Namespace)</DCC_Namespace>
        <DCC_UsePackage>PngComponents;$(DCC_UsePackage)</DCC_UsePackage>
        <Icon_MainIcon>PngComponentsDesign_Icon.ico</Icon_MainIcon>
    </PropertyGroup>
    <PropertyGroup Condition="'$(Cfg_1)'!=''">
        <DCC_Define>RELEASE;$(DCC_Define)</DCC_Define>
        <DCC_LocalDebugSymbols>false</DCC_LocalDebugSymbols>
        <DCC_SymbolReferenceInfo>0</DCC_SymbolReferenceInfo>
    </PropertyGroup>
    <PropertyGroup Condition="'$(Cfg_2)'!=''">
        <DCC_BplOutput>$(Platform)\$(Config)</DCC_BplOutput>
        <DCC_DcpOutput>$(Platform)\$(Config)</DCC_DcpOutput>
        <DCC_DebugInformation>0</DCC_DebugInformation>
        <DCC_Define>DEBUG;$(DCC_Define)</DCC_Define>
    </PropertyGroup>
    <ItemGroup>
        <DelphiCompile Include="$(MainSource)">
            <MainSource>MainSource</MainSource>
        </DelphiCompile>
        <DCCReference Include="designide.dcp"/>
        <DCCReference Include="PngComponents.dcp"/>
        <DCCReference Include="..\Design\PngComponentsRegister.pas"/>
        <DCCReference Include="..\Design\PngComponentEditors.pas"/>
        <DCCReference Include="..\Design\PngImageListEditor.pas">
            <Form>PngImageListEditorDlg</Form>
            <FormType>dfm</FormType>
        </DCCReference>
        <RcItem Include="..\Images\TPngImageList128.png">
            <ResourceType>RCDATA</ResourceType>
            <ResourceId>TPngImageList128_PNG</ResourceId>
        </RcItem>
        <RcItem Include="..\Images\TPngImageList16.png">
            <ResourceType>RCDATA</ResourceType>
            <ResourceId>TPngImageList16_PNG</ResourceId>
        </RcItem>
        <RcItem Include="..\Images\TPngImageList24.png">
            <ResourceType>RCDATA</ResourceType>
            <ResourceId>TPngImageList_PNG</ResourceId>
        </RcItem>
        <RcItem Include="..\Images\TPngImageList32.png">
            <ResourceType>RCDATA</ResourceType>
            <ResourceId>TPngImageList32_PNG</ResourceId>
        </RcItem>
        <RcItem Include="..\Images\TPngImageCollection128.png">
            <ResourceType>RCDATA</ResourceType>
            <ResourceId>TPngImageCollection128_PNG</ResourceId>
        </RcItem>
        <RcItem Include="..\Images\TPngImageCollection16.png">
            <ResourceType>RCDATA</ResourceType>
            <ResourceId>TPngImageCollection16_PNG</ResourceId>
        </RcItem>
        <RcItem Include="..\Images\TPngImageCollection24.png">
            <ResourceType>RCDATA</ResourceType>
            <ResourceId>TPngImageCollection_PNG</ResourceId>
        </RcItem>
        <RcItem Include="..\Images\TPngImageCollection32.png">
            <ResourceType>RCDATA</ResourceType>
            <ResourceId>TPngImageCollection32_PNG</ResourceId>
        </RcItem>
        <RcItem Include="..\Images\TPngBitBtn128.png">
            <ResourceType>RCDATA</ResourceType>
            <ResourceId>TPngBitBtn128_PNG</ResourceId>
        </RcItem>
        <RcItem Include="..\Images\TPngBitBtn16.png">
            <ResourceType>RCDATA</ResourceType>
            <ResourceId>TPngBitBtn16_PNG</ResourceId>
        </RcItem>
        <RcItem Include="..\Images\TPngBitBtn24.png">
            <ResourceType>RCDATA</ResourceType>
            <ResourceId>TPngBitBtn_PNG</ResourceId>
        </RcItem>
        <RcItem Include="..\Images\TPngBitBtn32.png">
            <ResourceType>RCDATA</ResourceType>
            <ResourceId>TPngBitBtn32_PNG</ResourceId>
        </RcItem>
        <RcItem Include="..\Images\TPngCheckListBox128.png">
            <ResourceType>RCDATA</ResourceType>
            <ResourceId>TPngCheckListBox128_PNG</ResourceId>
        </RcItem>
        <RcItem Include="..\Images\TPngCheckListBox16.png">
            <ResourceType>RCDATA</ResourceType>
            <ResourceId>TPngCheckListBox16_PNG</ResourceId>
        </RcItem>
        <RcItem Include="..\Images\TPngCheckListBox24.png">
            <ResourceType>RCDATA</ResourceType>
            <ResourceId>TPngCheckListBox_PNG</ResourceId>
        </RcItem>
        <RcItem Include="..\Images\TPngCheckListBox32.png">
            <ResourceType>RCDATA</ResourceType>
            <ResourceId>TPngCheckListBox32_PNG</ResourceId>
        </RcItem>
        <RcItem Include="..\Images\TPngSpeedButton128.png">
            <ResourceType>RCDATA</ResourceType>
            <ResourceId>TPngSpeedButton128_PNG</ResourceId>
        </RcItem>
        <RcItem Include="..\Images\TPngSpeedButton16.png">
            <ResourceType>RCDATA</ResourceType>
            <ResourceId>TPngSpeedButton16_PNG</ResourceId>
        </RcItem>
        <RcItem Include="..\Images\TPngSpeedButton24.png">
            <ResourceType>RCDATA</ResourceType>
            <ResourceId>TPngSpeedButton_PNG</ResourceId>
        </RcItem>
        <RcItem Include="..\Images\TPngSpeedButton32.png">
            <ResourceType>RCDATA</ResourceType>
            <ResourceId>TPngSpeedButton32_PNG</ResourceId>
        </RcItem>
        <BuildConfiguration Include="Base">
            <Key>Base</Key>
        </BuildConfiguration>
        <BuildConfiguration Include="Release">
            <Key>Cfg_1</Key>
            <CfgParent>Base</CfgParent>
        </BuildConfiguration>
        <BuildConfiguration Include="Debug">
            <Key>Cfg_2</Key>
            <CfgParent>Base</CfgParent>
        </BuildConfiguration>
    </ItemGroup>
    <Import Condition="Exists('$(BDS)\Bin\CodeGear.Delphi.Targets')" Project="$(BDS)\Bin\CodeGear.Delphi.Targets"/>
    <Import Condition="Exists('$(APPDATA)\Embarcadero\$(BDSAPPDATABASEDIR)\$(PRODUCTVERSION)\UserTools.proj')" Project="$(APPDATA)\Embarcadero\$(BDSAPPDATABASEDIR)\$(PRODUCTVERSION)\UserTools.proj"/>
    <ProjectExtensions>
        <Borland.Personality>Delphi.Personality.12</Borland.Personality>
        <Borland.ProjectType>Package</Borland.ProjectType>
        <BorlandProject>
            <Delphi.Personality>
                <Source>
                    <Source Name="MainSource">PngComponentsDesign.dpk</Source>
                </Source>
                <Excluded_Packages/>
            </Delphi.Personality>
            <Deployment Version="3">
                <DeployFile LocalName="C:\Users\Public\Documents\Embarcadero\Studio\19.0\Bpl\PngComponentsDesign250.bpl" Configuration="Release" Class="ProjectOutput">
                    <Platform Name="Win32">
                        <RemoteName>PngComponentsDesign.bpl</RemoteName>
                        <Overwrite>true</Overwrite>
                    </Platform>
                </DeployFile>
                <DeployClass Name="AdditionalDebugSymbols">
                    <Platform Name="Win32">
                        <RemoteDir>Contents\MacOS</RemoteDir>
                        <Operation>0</Operation>
                    </Platform>
                </DeployClass>
                <DeployClass Name="DebugSymbols">
                    <Platform Name="Win32">
                        <Operation>0</Operation>
                    </Platform>
                </DeployClass>
                <DeployClass Name="DependencyFramework">
                    <Platform Name="Win32">
                        <Operation>0</Operation>
                    </Platform>
                </DeployClass>
                <DeployClass Name="DependencyModule">
                    <Platform Name="Win32">
                        <Operation>0</Operation>
                        <Extensions>.dll;.bpl</Extensions>
                    </Platform>
                </DeployClass>
                <DeployClass Required="true" Name="DependencyPackage">
                    <Platform Name="Win32">
                        <Operation>0</Operation>
                        <Extensions>.bpl</Extensions>
                    </Platform>
                </DeployClass>
                <DeployClass Name="File">
                    <Platform Name="Win32">
                        <Operation>0</Operation>
                    </Platform>
                </DeployClass>
                <DeployClass Required="true" Name="ProjectOutput">
                    <Platform Name="Win32">
                        <Operation>0</Operation>
                    </Platform>
                </DeployClass>
                <DeployClass Name="ProjectUWPManifest">
                    <Platform Name="Win32">
                        <Operation>1</Operation>
                    </Platform>
                </DeployClass>
                <DeployClass Name="UWP_DelphiLogo150">
                    <Platform Name="Win32">
                        <RemoteDir>Assets</RemoteDir>
                        <Operation>1</Operation>
                    </Platform>
                </DeployClass>
                <DeployClass Name="UWP_DelphiLogo44">
                    <Platform Name="Win32">
                        <RemoteDir>Assets</RemoteDir>
                        <Operation>1</Operation>
                    </Platform>
                </DeployClass>
                <ProjectRoot Platform="Win32" Name="$(PROJECTNAME)"/>
            </Deployment>
            <Platforms>
                <Platform value="Win32">True</Platform>
            </Platforms>
        </BorlandProject>
        <ProjectFileVersion>12</ProjectFileVersion>
    </ProjectExtensions>
    <Import Project="$(MSBuildProjectName).deployproj" Condition="Exists('$(MSBuildProjectName).deployproj')"/>
</Project>
